{
  "name": "lets-meet",
  "lockfileVersion": 2,
  "requires": true,
  "packages": {
    "": {
      "dependencies": {
        "agora-rtm-sdk": "^1.4.3-203",
        "date-and-time": "^2.0.1"
      }
    },
    "node_modules/agora-rtm-sdk": {
      "version": "1.4.3-203",
      "resolved": "https://registry.npmjs.org/agora-rtm-sdk/-/agora-rtm-sdk-1.4.3-203.tgz",
      "integrity": "sha512-uQh9zqRtELAblxt7nXSv20pH7oQfTDj7gC2NI2cDIe9dcKBlQpEVf2wBM68so6sZ767ZLcW+z/FCd5QVCt9RvA=="
    },
    "node_modules/date-and-time": {
      "version": "2.0.1",
      "resolved": "https://registry.npmjs.org/date-and-time/-/date-and-time-2.0.1.tgz",
      "integrity": "sha512-O7Xe5dLaqvY/aF/MFWArsAM1J4j7w1CSZlPCX9uHgmb+6SbkPd8Q4YOvfvH/cZGvFlJFfHOZKxQtmMUOoZhc/w=="
    }
  },
  "dependencies": {
    "agora-rtm-sdk": {
      "version": "1.4.3-203",
      "resolved": "https://registry.npmjs.org/agora-rtm-sdk/-/agora-rtm-sdk-1.4.3-203.tgz",
      "integrity": "sha512-uQh9zqRtELAblxt7nXSv20pH7oQfTDj7gC2NI2cDIe9dcKBlQpEVf2wBM68so6sZ767ZLcW+z/FCd5QVCt9RvA=="
    },
    "date-and-time": {
      "version": "2.0.1",
      "resolved": "https://registry.npmjs.org/date-and-time/-/date-and-time-2.0.1.tgz",
      "integrity": "sha512-O7Xe5dLaqvY/aF/MFWArsAM1J4j7w1CSZlPCX9uHgmb+6SbkPd8Q4YOvfvH/cZGvFlJFfHOZKxQtmMUOoZhc/w=="
    }
  }
}
